// !$*UTF8*$!
{
	archiveVersion = 1;
	classes = {
	};
	objectVersion = 50;
	objects = {

/* Begin PBXBuildFile section */
		B27AC0C022A3102E006DAA3A /* CoreMotion.framework in Frameworks */ = {isa = PBXBuildFile; fileRef = B27AC0BF22A3102E006DAA3A /* CoreMotion.framework */; };
		B2BDCA85229EB9080028E509 /* AppDelegate.swift in Sources */ = {isa = PBXBuildFile; fileRef = B2BDCA84229EB9080028E509 /* AppDelegate.swift */; };
		B2BDCA87229EB9080028E509 /* ViewController.swift in Sources */ = {isa = PBXBuildFile; fileRef = B2BDCA86229EB9080028E509 /* ViewController.swift */; };
		B2BDCA8A229EB9080028E509 /* Main.storyboard in Resources */ = {isa = PBXBuildFile; fileRef = B2BDCA88229EB9080028E509 /* Main.storyboard */; };
		B2BDCA8C229EB90A0028E509 /* Assets.xcassets in Resources */ = {isa = PBXBuildFile; fileRef = B2BDCA8B229EB90A0028E509 /* Assets.xcassets */; };
		B2BDCA8F229EB90A0028E509 /* LaunchScreen.storyboard in Resources */ = {isa = PBXBuildFile; fileRef = B2BDCA8D229EB90A0028E509 /* LaunchScreen.storyboard */; };
		B2BDCA9A229EB90A0028E509 /* BouncingBallTests.swift in Sources */ = {isa = PBXBuildFile; fileRef = B2BDCA99229EB90A0028E509 /* BouncingBallTests.swift */; };
		B2BDCAA5229EB90A0028E509 /* BouncingBallUITests.swift in Sources */ = {isa = PBXBuildFile; fileRef = B2BDCAA4229EB90A0028E509 /* BouncingBallUITests.swift */; };
		B2BDCAB6229EB9670028E509 /* BallView.swift in Sources */ = {isa = PBXBuildFile; fileRef = B2BDCAB5229EB9670028E509 /* BallView.swift */; };
/* End PBXBuildFile section */

/* Begin PBXContainerItemProxy section */
		B2BDCA96229EB90A0028E509 /* PBXContainerItemProxy */ = {
			isa = PBXContainerItemProxy;
			containerPortal = B2BDCA79229EB9080028E509 /* Project object */;
			proxyType = 1;
			remoteGlobalIDString = B2BDCA80229EB9080028E509;
			remoteInfo = BouncingBall;
		};
		B2BDCAA1229EB90A0028E509 /* PBXContainerItemProxy */ = {
			isa = PBXContainerItemProxy;
			containerPortal = B2BDCA79229EB9080028E509 /* Project object */;
			proxyType = 1;
			remoteGlobalIDString = B2BDCA80229EB9080028E509;
			remoteInfo = BouncingBall;
		};
/* End PBXContainerItemProxy section */

/* Begin PBXFileReference section */
		B27AC0BF22A3102E006DAA3A /* CoreMotion.framework */ = {isa = PBXFileReference; lastKnownFileType = wrapper.framework; name = CoreMotion.framework; path = System/Library/Frameworks/CoreMotion.framework; sourceTree = SDKROOT; };
		B2BDCA81229EB9080028E509 /* BouncingBall.app */ = {isa = PBXFileReference; explicitFileType = wrapper.application; includeInIndex = 0; path = BouncingBall.app; sourceTree = BUILT_PRODUCTS_DIR; };
		B2BDCA84229EB9080028E509 /* AppDelegate.swift */ = {isa = PBXFileReference; lastKnownFileType = sourcecode.swift; path = AppDelegate.swift; sourceTree = "<group>"; };
		B2BDCA86229EB9080028E509 /* ViewController.swift */ = {isa = PBXFileReference; lastKnownFileType = sourcecode.swift; path = ViewController.swift; sourceTree = "<group>"; };
		B2BDCA89229EB9080028E509 /* Base */ = {isa = PBXFileReference; lastKnownFileType = file.storyboard; name = Base; path = Base.lproj/Main.storyboard; sourceTree = "<group>"; };
		B2BDCA8B229EB90A0028E509 /* Assets.xcassets */ = {isa = PBXFileReference; lastKnownFileType = folder.assetcatalog; path = Assets.xcassets; sourceTree = "<group>"; };
		B2BDCA8E229EB90A0028E509 /* Base */ = {isa = PBXFileReference; lastKnownFileType = file.storyboard; name = Base; path = Base.lproj/LaunchScreen.storyboard; sourceTree = "<group>"; };
		B2BDCA90229EB90A0028E509 /* Info.plist */ = {isa = PBXFileReference; lastKnownFileType = text.plist.xml; path = Info.plist; sourceTree = "<group>"; };
		B2BDCA95229EB90A0028E509 /* BouncingBallTests.xctest */ = {isa = PBXFileReference; explicitFileType = wrapper.cfbundle; includeInIndex = 0; path = BouncingBallTests.xctest; sourceTree = BUILT_PRODUCTS_DIR; };
		B2BDCA99229EB90A0028E509 /* BouncingBallTests.swift */ = {isa = PBXFileReference; lastKnownFileType = sourcecode.swift; path = BouncingBallTests.swift; sourceTree = "<group>"; };
		B2BDCA9B229EB90A0028E509 /* Info.plist */ = {isa = PBXFileReference; lastKnownFileType = text.plist.xml; path = Info.plist; sourceTree = "<group>"; };
		B2BDCAA0229EB90A0028E509 /* BouncingBallUITests.xctest */ = {isa = PBXFileReference; explicitFileType = wrapper.cfbundle; includeInIndex = 0; path = BouncingBallUITests.xctest; sourceTree = BUILT_PRODUCTS_DIR; };
		B2BDCAA4229EB90A0028E509 /* BouncingBallUITests.swift */ = {isa = PBXFileReference; lastKnownFileType = sourcecode.swift; path = BouncingBallUITests.swift; sourceTree = "<group>"; };
		B2BDCAA6229EB90A0028E509 /* Info.plist */ = {isa = PBXFileReference; lastKnownFileType = text.plist.xml; path = Info.plist; sourceTree = "<group>"; };
		B2BDCAB5229EB9670028E509 /* BallView.swift */ = {isa = PBXFileReference; lastKnownFileType = sourcecode.swift; path = BallView.swift; sourceTree = "<group>"; };
/* End PBXFileReference section */

/* Begin PBXFrameworksBuildPhase section */
		B2BDCA7E229EB9080028E509 /* Frameworks */ = {
			isa = PBXFrameworksBuildPhase;
			buildActionMask = 2147483647;
			files = (
				B27AC0C022A3102E006DAA3A /* CoreMotion.framework in Frameworks */,
			);
			runOnlyForDeploymentPostprocessing = 0;
		};
		B2BDCA92229EB90A0028E509 /* Frameworks */ = {
			isa = PBXFrameworksBuildPhase;
			buildActionMask = 2147483647;
			files = (
			);
			runOnlyForDeploymentPostprocessing = 0;
		};
		B2BDCA9D229EB90A0028E509 /* Frameworks */ = {
			isa = PBXFrameworksBuildPhase;
			buildActionMask = 2147483647;
			files = (
			);
			runOnlyForDeploymentPostprocessing = 0;
		};
/* End PBXFrameworksBuildPhase section */

/* Begin PBXGroup section */
		B27AC0BE22A3102E006DAA3A /* Frameworks */ = {
			isa = PBXGroup;
			children = (
				B27AC0BF22A3102E006DAA3A /* CoreMotion.framework */,
			);
			name = Frameworks;
			sourceTree = "<group>";
		};
		B2BDCA78229EB9080028E509 = {
			isa = PBXGroup;
			children = (
				B2BDCA83229EB9080028E509 /* BouncingBall */,
				B2BDCA98229EB90A0028E509 /* BouncingBallTests */,
				B2BDCAA3229EB90A0028E509 /* BouncingBallUITests */,
				B2BDCA82229EB9080028E509 /* Products */,
				B27AC0BE22A3102E006DAA3A /* Frameworks */,
			);
			sourceTree = "<group>";
		};
		B2BDCA82229EB9080028E509 /* Products */ = {
			isa = PBXGroup;
			children = (
				B2BDCA81229EB9080028E509 /* BouncingBall.app */,
				B2BDCA95229EB90A0028E509 /* BouncingBallTests.xctest */,
				B2BDCAA0229EB90A0028E509 /* BouncingBallUITests.xctest */,
			);
			name = Products;
			sourceTree = "<group>";
		};
		B2BDCA83229EB9080028E509 /* BouncingBall */ = {
			isa = PBXGroup;
			children = (
				B2BDCAB2229EB9120028E509 /* View */,
				B2BDCA84229EB9080028E509 /* AppDelegate.swift */,
				B2BDCA86229EB9080028E509 /* ViewController.swift */,
				B2BDCA88229EB9080028E509 /* Main.storyboard */,
				B2BDCA8B229EB90A0028E509 /* Assets.xcassets */,
				B2BDCA8D229EB90A0028E509 /* LaunchScreen.storyboard */,
				B2BDCA90229EB90A0028E509 /* Info.plist */,
			);
			path = BouncingBall;
			sourceTree = "<group>";
		};
		B2BDCA98229EB90A0028E509 /* BouncingBallTests */ = {
			isa = PBXGroup;
			children = (
				B2BDCA99229EB90A0028E509 /* BouncingBallTests.swift */,
				B2BDCA9B229EB90A0028E509 /* Info.plist */,
			);
			path = BouncingBallTests;
			sourceTree = "<group>";
		};
		B2BDCAA3229EB90A0028E509 /* BouncingBallUITests */ = {
			isa = PBXGroup;
			children = (
				B2BDCAA4229EB90A0028E509 /* BouncingBallUITests.swift */,
				B2BDCAA6229EB90A0028E509 /* Info.plist */,
			);
			path = BouncingBallUITests;
			sourceTree = "<group>";
		};
		B2BDCAB2229EB9120028E509 /* View */ = {
			isa = PBXGroup;
			children = (
				B2BDCAB5229EB9670028E509 /* BallView.swift */,
			);
			path = View;
			sourceTree = "<group>";
		};
/* End PBXGroup section */

/* Begin PBXNativeTarget section */
		B2BDCA80229EB9080028E509 /* BouncingBall */ = {
			isa = PBXNativeTarget;
			buildConfigurationList = B2BDCAA9229EB90A0028E509 /* Build configuration list for PBXNativeTarget "BouncingBall" */;
			buildPhases = (
				B2BDCA7D229EB9080028E509 /* Sources */,
				B2BDCA7E229EB9080028E509 /* Frameworks */,
				B2BDCA7F229EB9080028E509 /* Resources */,
			);
			buildRules = (
			);
			dependencies = (
			);
			name = BouncingBall;
			productName = BouncingBall;
			productReference = B2BDCA81229EB9080028E509 /* BouncingBall.app */;
			productType = "com.apple.product-type.application";
		};
		B2BDCA94229EB90A0028E509 /* BouncingBallTests */ = {
			isa = PBXNativeTarget;
			buildConfigurationList = B2BDCAAC229EB90A0028E509 /* Build configuration list for PBXNativeTarget "BouncingBallTests" */;
			buildPhases = (
				B2BDCA91229EB90A0028E509 /* Sources */,
				B2BDCA92229EB90A0028E509 /* Frameworks */,
				B2BDCA93229EB90A0028E509 /* Resources */,
			);
			buildRules = (
			);
			dependencies = (
				B2BDCA97229EB90A0028E509 /* PBXTargetDependency */,
			);
			name = BouncingBallTests;
			productName = BouncingBallTests;
			productReference = B2BDCA95229EB90A0028E509 /* BouncingBallTests.xctest */;
			productType = "com.apple.product-type.bundle.unit-test";
		};
		B2BDCA9F229EB90A0028E509 /* BouncingBallUITests */ = {
			isa = PBXNativeTarget;
			buildConfigurationList = B2BDCAAF229EB90A0028E509 /* Build configuration list for PBXNativeTarget "BouncingBallUITests" */;
			buildPhases = (
				B2BDCA9C229EB90A0028E509 /* Sources */,
				B2BDCA9D229EB90A0028E509 /* Frameworks */,
				B2BDCA9E229EB90A0028E509 /* Resources */,
			);
			buildRules = (
			);
			dependencies = (
				B2BDCAA2229EB90A0028E509 /* PBXTargetDependency */,
			);
			name = BouncingBallUITests;
			productName = BouncingBallUITests;
			productReference = B2BDCAA0229EB90A0028E509 /* BouncingBallUITests.xctest */;
			productType = "com.apple.product-type.bundle.ui-testing";
		};
/* End PBXNativeTarget section */

/* Begin PBXProject section */
		B2BDCA79229EB9080028E509 /* Project object */ = {
			isa = PBXProject;
			attributes = {
				LastSwiftUpdateCheck = 1020;
				LastUpgradeCheck = 1020;
				ORGANIZATIONNAME = Abdul;
				TargetAttributes = {
					B2BDCA80229EB9080028E509 = {
						CreatedOnToolsVersion = 10.2;
					};
					B2BDCA94229EB90A0028E509 = {
						CreatedOnToolsVersion = 10.2;
						TestTargetID = B2BDCA80229EB9080028E509;
					};
					B2BDCA9F229EB90A0028E509 = {
						CreatedOnToolsVersion = 10.2;
						TestTargetID = B2BDCA80229EB9080028E509;
					};
				};
			};
			buildConfigurationList = B2BDCA7C229EB9080028E509 /* Build configuration list for PBXProject "BouncingBall" */;
			compatibilityVersion = "Xcode 9.3";
			developmentRegion = en;
			hasScannedForEncodings = 0;
			knownRegions = (
				en,
				Base,
			);
			mainGroup = B2BDCA78229EB9080028E509;
			productRefGroup = B2BDCA82229EB9080028E509 /* Products */;
			projectDirPath = "";
			projectRoot = "";
			targets = (
				B2BDCA80229EB9080028E509 /* BouncingBall */,
				B2BDCA94229EB90A0028E509 /* BouncingBallTests */,
				B2BDCA9F229EB90A0028E509 /* BouncingBallUITests */,
			);
		};
/* End PBXProject section */

/* Begin PBXResourcesBuildPhase section */
		B2BDCA7F229EB9080028E509 /* Resources */ = {
			isa = PBXResourcesBuildPhase;
			buildActionMask = 2147483647;
			files = (
				B2BDCA8F229EB90A0028E509 /* LaunchScreen.storyboard in Resources */,
				B2BDCA8C229EB90A0028E509 /* Assets.xcassets in Resources */,
				B2BDCA8A229EB9080028E509 /* Main.storyboard in Resources */,
			);
			runOnlyForDeploymentPostprocessing = 0;
		};
		B2BDCA93229EB90A0028E509 /* Resources */ = {
			isa = PBXResourcesBuildPhase;
			buildActionMask = 2147483647;
			files = (
			);
			runOnlyForDeploymentPostprocessing = 0;
		};
		B2BDCA9E229EB90A0028E509 /* Resources */ = {
			isa = PBXResourcesBuildPhase;
			buildActionMask = 2147483647;
			files = (
			);
			runOnlyForDeploymentPostprocessing = 0;
		};
/* End PBXResourcesBuildPhase section */

/* Begin PBXSourcesBuildPhase section */
		B2BDCA7D229EB9080028E509 /* Sources */ = {
			isa = PBXSourcesBuildPhase;
			buildActionMask = 2147483647;
			files = (
				B2BDCAB6229EB9670028E509 /* BallView.swift in Sources */,
				B2BDCA87229EB9080028E509 /* ViewController.swift in Sources */,
				B2BDCA85229EB9080028E509 /* AppDelegate.swift in Sources */,
			);
			runOnlyForDeploymentPostprocessing = 0;
		};
		B2BDCA91229EB90A0028E509 /* Sources */ = {
			isa = PBXSourcesBuildPhase;
			buildActionMask = 2147483647;
			files = (
				B2BDCA9A229EB90A0028E509 /* BouncingBallTests.swift in Sources */,
			);
			runOnlyForDeploymentPostprocessing = 0;
		};
		B2BDCA9C229EB90A0028E509 /* Sources */ = {
			isa = PBXSourcesBuildPhase;
			buildActionMask = 2147483647;
			files = (
				B2BDCAA5229EB90A0028E509 /* BouncingBallUITests.swift in Sources */,
			);
			runOnlyForDeploymentPostprocessing = 0;
		};
/* End PBXSourcesBuildPhase section */

/* Begin PBXTargetDependency section */
		B2BDCA97229EB90A0028E509 /* PBXTargetDependency */ = {
			isa = PBXTargetDependency;
			target = B2BDCA80229EB9080028E509 /* BouncingBall */;
			targetProxy = B2BDCA96229EB90A0028E509 /* PBXContainerItemProxy */;
		};
		B2BDCAA2229EB90A0028E509 /* PBXTargetDependency */ = {
			isa = PBXTargetDependency;
			target = B2BDCA80229EB9080028E509 /* BouncingBall */;
			targetProxy = B2BDCAA1229EB90A0028E509 /* PBXContainerItemProxy */;
		};
/* End PBXTargetDependency section */

/* Begin PBXVariantGroup section */
		B2BDCA88229EB9080028E509 /* Main.storyboard */ = {
			isa = PBXVariantGroup;
			children = (
				B2BDCA89229EB9080028E509 /* Base */,
			);
			name = Main.storyboard;
			sourceTree = "<group>";
		};
		B2BDCA8D229EB90A0028E509 /* LaunchScreen.storyboard */ = {
			isa = PBXVariantGroup;
			children = (
				B2BDCA8E229EB90A0028E509 /* Base */,
			);
			name = LaunchScreen.storyboard;
			sourceTree = "<group>";
		};
/* End PBXVariantGroup section */

/* Begin XCBuildConfiguration section */
		B2BDCAA7229EB90A0028E509 /* Debug */ = {
			isa = XCBuildConfiguration;
			buildSettings = {
				ALWAYS_SEARCH_USER_PATHS = NO;
				CLANG_ANALYZER_NONNULL = YES;
				CLANG_ANALYZER_NUMBER_OBJECT_CONVERSION = YES_AGGRESSIVE;
				CLANG_CXX_LANGUAGE_STANDARD = "gnu++14";
				CLANG_CXX_LIBRARY = "libc++";
				CLANG_ENABLE_MODULES = YES;
				CLANG_ENABLE_OBJC_ARC = YES;
				CLANG_ENABLE_OBJC_WEAK = YES;
				CLANG_WARN_BLOCK_CAPTURE_AUTORELEASING = YES;
				CLANG_WARN_BOOL_CONVERSION = YES;
				CLANG_WARN_COMMA = YES;
				CLANG_WARN_CONSTANT_CONVERSION = YES;
				CLANG_WARN_DEPRECATED_OBJC_IMPLEMENTATIONS = YES;
				CLANG_WARN_DIRECT_OBJC_ISA_USAGE = YES_ERROR;
				CLANG_WARN_DOCUMENTATION_COMMENTS = YES;
				CLANG_WARN_EMPTY_BODY = YES;
				CLANG_WARN_ENUM_CONVERSION = YES;
				CLANG_WARN_INFINITE_RECURSION = YES;
				CLANG_WARN_INT_CONVERSION = YES;
				CLANG_WARN_NON_LITERAL_NULL_CONVERSION = YES;
				CLANG_WARN_OBJC_IMPLICIT_RETAIN_SELF = YES;
				CLANG_WARN_OBJC_LITERAL_CONVERSION = YES;
				CLANG_WARN_OBJC_ROOT_CLASS = YES_ERROR;
				CLANG_WARN_RANGE_LOOP_ANALYSIS = YES;
				CLANG_WARN_STRICT_PROTOTYPES = YES;
				CLANG_WARN_SUSPICIOUS_MOVE = YES;
				CLANG_WARN_UNGUARDED_AVAILABILITY = YES_AGGRESSIVE;
				CLANG_WARN_UNREACHABLE_CODE = YES;
				CLANG_WARN__DUPLICATE_METHOD_MATCH = YES;
				CODE_SIGN_IDENTITY = "iPhone Developer";
				COPY_PHASE_STRIP = NO;
				DEBUG_INFORMATION_FORMAT = dwarf;
				ENABLE_STRICT_OBJC_MSGSEND = YES;
				ENABLE_TESTABILITY = YES;
				GCC_C_LANGUAGE_STANDARD = gnu11;
				GCC_DYNAMIC_NO_PIC = NO;
				GCC_NO_COMMON_BLOCKS = YES;
				GCC_OPTIMIZATION_LEVEL = 0;
				GCC_PREPROCESSOR_DEFINITIONS = (
					"DEBUG=1",
					"$(inherited)",
				);
				GCC_WARN_64_TO_32_BIT_CONVERSION = YES;
				GCC_WARN_ABOUT_RETURN_TYPE = YES_ERROR;
				GCC_WARN_UNDECLARED_SELECTOR = YES;
				GCC_WARN_UNINITIALIZED_AUTOS = YES_AGGRESSIVE;
				GCC_WARN_UNUSED_FUNCTION = YES;
				GCC_WARN_UNUSED_VARIABLE = YES;
				IPHONEOS_DEPLOYMENT_TARGET = 12.2;
				MTL_ENABLE_DEBUG_INFO = INCLUDE_SOURCE;
				MTL_FAST_MATH = YES;
				ONLY_ACTIVE_ARCH = YES;
				SDKROOT = iphoneos;
				SWIFT_ACTIVE_COMPILATION_CONDITIONS = DEBUG;
				SWIFT_OPTIMIZATION_LEVEL = "-Onone";
			};
			name = Debug;
		};
		B2BDCAA8229EB90A0028E509 /* Release */ = {
			isa = XCBuildConfiguration;
			buildSettings = {
				ALWAYS_SEARCH_USER_PATHS = NO;
				CLANG_ANALYZER_NONNULL = YES;
				CLANG_ANALYZER_NUMBER_OBJECT_CONVERSION = YES_AGGRESSIVE;
				CLANG_CXX_LANGUAGE_STANDARD = "gnu++14";
				CLANG_CXX_LIBRARY = "libc++";
				CLANG_ENABLE_MODULES = YES;
				CLANG_ENABLE_OBJC_ARC = YES;
				CLANG_ENABLE_OBJC_WEAK = YES;
				CLANG_WARN_BLOCK_CAPTURE_AUTORELEASING = YES;
				CLANG_WARN_BOOL_CONVERSION = YES;
				CLANG_WARN_COMMA = YES;
				CLANG_WARN_CONSTANT_CONVERSION = YES;
				CLANG_WARN_DEPRECATED_OBJC_IMPLEMENTATIONS = YES;
				CLANG_WARN_DIRECT_OBJC_ISA_USAGE = YES_ERROR;
				CLANG_WARN_DOCUMENTATION_COMMENTS = YES;
				CLANG_WARN_EMPTY_BODY = YES;
				CLANG_WARN_ENUM_CONVERSION = YES;
				CLANG_WARN_INFINITE_RECURSION = YES;
				CLANG_WARN_INT_CONVERSION = YES;
				CLANG_WARN_NON_LITERAL_NULL_CONVERSION = YES;
				CLANG_WARN_OBJC_IMPLICIT_RETAIN_SELF = YES;
				CLANG_WARN_OBJC_LITERAL_CONVERSION = YES;
				CLANG_WARN_OBJC_ROOT_CLASS = YES_ERROR;
				CLANG_WARN_RANGE_LOOP_ANALYSIS = YES;
				CLANG_WARN_STRICT_PROTOTYPES = YES;
				CLANG_WARN_SUSPICIOUS_MOVE = YES;
				CLANG_WARN_UNGUARDED_AVAILABILITY = YES_AGGRESSIVE;
				CLANG_WARN_UNREACHABLE_CODE = YES;
				CLANG_WARN__DUPLICATE_METHOD_MATCH = YES;
				CODE_SIGN_IDENTITY = "iPhone Developer";
				COPY_PHASE_STRIP = NO;
				DEBUG_INFORMATION_FORMAT = "dwarf-with-dsym";
				ENABLE_NS_ASSERTIONS = NO;
				ENABLE_STRICT_OBJC_MSGSEND = YES;
				GCC_C_LANGUAGE_STANDARD = gnu11;
				GCC_NO_COMMON_BLOCKS = YES;
				GCC_WARN_64_TO_32_BIT_CONVERSION = YES;
				GCC_WARN_ABOUT_RETURN_TYPE = YES_ERROR;
				GCC_WARN_UNDECLARED_SELECTOR = YES;
				GCC_WARN_UNINITIALIZED_AUTOS = YES_AGGRESSIVE;
				GCC_WARN_UNUSED_FUNCTION = YES;
				GCC_WARN_UNUSED_VARIABLE = YES;
				IPHONEOS_DEPLOYMENT_TARGET = 12.2;
				MTL_ENABLE_DEBUG_INFO = NO;
				MTL_FAST_MATH = YES;
				SDKROOT = iphoneos;
				SWIFT_COMPILATION_MODE = wholemodule;
				SWIFT_OPTIMIZATION_LEVEL = "-O";
				VALIDATE_PRODUCT = YES;
			};
			name = Release;
		};
		B2BDCAAA229EB90A0028E509 /* Debug */ = {
			isa = XCBuildConfiguration;
			buildSettings = {
				ASSETCATALOG_COMPILER_APPICON_NAME = AppIcon;
				CODE_SIGN_STYLE = Automatic;
				DEVELOPMENT_TEAM = KNHU3236GK;
				INFOPLIST_FILE = BouncingBall/Info.plist;
				LD_RUNPATH_SEARCH_PATHS = (
					"$(inherited)",
					"@executable_path/Frameworks",
				);
				PRODUCT_BUNDLE_IDENTIFIER = com.abdulsamadsyed.BouncingBall;
				PRODUCT_NAME = "$(TARGET_NAME)";
				SWIFT_VERSION = 5.0;
				TARGETED_DEVICE_FAMILY = "1,2";
			};
			name = Debug;
		};
		B2BDCAAB229EB90A0028E509 /* Release */ = {
			isa = XCBuildConfiguration;
			buildSettings = {
				ASSETCATALOG_COMPILER_APPICON_NAME = AppIcon;
				CODE_SIGN_STYLE = Automatic;
				DEVELOPMENT_TEAM = KNHU3236GK;
				INFOPLIST_FILE = BouncingBall/Info.plist;
				LD_RUNPATH_SEARCH_PATHS = (
					"$(inherited)",
					"@executable_path/Frameworks",
				);
				PRODUCT_BUNDLE_IDENTIFIER = com.abdulsamadsyed.BouncingBall;
				PRODUCT_NAME = "$(TARGET_NAME)";
				SWIFT_VERSION = 5.0;
				TARGETED_DEVICE_FAMILY = "1,2";
			};
			name = Release;
		};
		B2BDCAAD229EB90A0028E509 /* Debug */ = {
			isa = XCBuildConfiguration;
			buildSettings = {
				ALWAYS_EMBED_SWIFT_STANDARD_LIBRARIES = YES;
				BUNDLE_LOADER = "$(TEST_HOST)";
				CODE_SIGN_STYLE = Automatic;
				INFOPLIST_FILE = BouncingBallTests/Info.plist;
				LD_RUNPATH_SEARCH_PATHS = (
					"$(inherited)",
					"@executable_path/Frameworks",
					"@loader_path/Frameworks",
				);
				PRODUCT_BUNDLE_IDENTIFIER = com.abdulsamadsyed.BouncingBallTests;
				PRODUCT_NAME = "$(TARGET_NAME)";
				SWIFT_VERSION = 5.0;
				TARGETED_DEVICE_FAMILY = "1,2";
				TEST_HOST = "$(BUILT_PRODUCTS_DIR)/BouncingBall.app/BouncingBall";
			};
			name = Debug;
		};
		B2BDCAAE229EB90A0028E509 /* Release */ = {
			isa = XCBuildConfiguration;
			buildSettings = {
				ALWAYS_EMBED_SWIFT_STANDARD_LIBRARIES = YES;
				BUNDLE_LOADER = "$(TEST_HOST)";
				CODE_SIGN_STYLE = Automatic;
				INFOPLIST_FILE = BouncingBallTests/Info.plist;
				LD_RUNPATH_SEARCH_PATHS = (
					"$(inherited)",
					"@executable_path/Frameworks",
					"@loader_path/Frameworks",
				);
				PRODUCT_BUNDLE_IDENTIFIER = com.abdulsamadsyed.BouncingBallTests;
				PRODUCT_NAME = "$(TARGET_NAME)";
				SWIFT_VERSION = 5.0;
				TARGETED_DEVICE_FAMILY = "1,2";
				TEST_HOST = "$(BUILT_PRODUCTS_DIR)/BouncingBall.app/BouncingBall";
			};
			name = Release;
		};
		B2BDCAB0229EB90A0028E509 /* Debug */ = {
			isa = XCBuildConfiguration;
			buildSettings = {
				ALWAYS_EMBED_SWIFT_STANDARD_LIBRARIES = YES;
				CODE_SIGN_STYLE = Automatic;
				INFOPLIST_FILE = BouncingBallUITests/Info.plist;
				LD_RUNPATH_SEARCH_PATHS = (
					"$(inherited)",
					"@executable_path/Frameworks",
					"@loader_path/Frameworks",
				);
				PRODUCT_BUNDLE_IDENTIFIER = com.abdulsamadsyed.BouncingBallUITests;
				PRODUCT_NAME = "$(TARGET_NAME)";
				SWIFT_VERSION = 5.0;
				TARGETED_DEVICE_FAMILY = "1,2";
				TEST_TARGET_NAME = BouncingBall;
			};
			name = Debug;
		};
		B2BDCAB1229EB90A0028E509 /* Release */ = {
			isa = XCBuildConfiguration;
			buildSettings = {
				ALWAYS_EMBED_SWIFT_STANDARD_LIBRARIES = YES;
				CODE_SIGN_STYLE = Automatic;
				INFOPLIST_FILE = BouncingBallUITests/Info.plist;
				LD_RUNPATH_SEARCH_PATHS = (
					"$(inherited)",
					"@executable_path/Frameworks",
					"@loader_path/Frameworks",
				);
				PRODUCT_BUNDLE_IDENTIFIER = com.abdulsamadsyed.BouncingBallUITests;
				PRODUCT_NAME = "$(TARGET_NAME)";
				SWIFT_VERSION = 5.0;
				TARGETED_DEVICE_FAMILY = "1,2";
				TEST_TARGET_NAME = BouncingBall;
			};
			name = Release;
		};
/* End XCBuildConfiguration section */

/* Begin XCConfigurationList section */
		B2BDCA7C229EB9080028E509 /* Build configuration list for PBXProject "BouncingBall" */ = {
			isa = XCConfigurationList;
			buildConfigurations = (
				B2BDCAA7229EB90A0028E509 /* Debug */,
				B2BDCAA8229EB90A0028E509 /* Release */,
			);
			defaultConfigurationIsVisible = 0;
			defaultConfigurationName = Release;
		};
		B2BDCAA9229EB90A0028E509 /* Build configuration list for PBXNativeTarget "BouncingBall" */ = {
			isa = XCConfigurationList;
			buildConfigurations = (
				B2BDCAAA229EB90A0028E509 /* Debug */,
				B2BDCAAB229EB90A0028E509 /* Release */,
			);
			defaultConfigurationIsVisible = 0;
			defaultConfigurationName = Release;
		};
		B2BDCAAC229EB90A0028E509 /* Build configuration list for PBXNativeTarget "BouncingBallTests" */ = {
			isa = XCConfigurationList;
			buildConfigurations = (
				B2BDCAAD229EB90A0028E509 /* Debug */,
				B2BDCAAE229EB90A0028E509 /* Release */,
			);
			defaultConfigurationIsVisible = 0;
			defaultConfigurationName = Release;
		};
		B2BDCAAF229EB90A0028E509 /* Build configuration list for PBXNativeTarget "BouncingBallUITests" */ = {
			isa = XCConfigurationList;
			buildConfigurations = (
				B2BDCAB0229EB90A0028E509 /* Debug */,
				B2BDCAB1229EB90A0028E509 /* Release */,
			);
			defaultConfigurationIsVisible = 0;
			defaultConfigurationName = Release;
		};
/* End XCConfigurationList section */
	};
	rootObject = B2BDCA79229EB9080028E509 /* Project object */;
}
